#MicroXplorer Configuration settings - do not modify
Mcu.Family=STM32F1
ProjectManager.MainLocation=Core/Src
FSMC.AddressSetupTime1=0
RCC.MCOFreq_Value=72000000
SH.FSMC_D1_DA1.0=FSMC_D1,16b-d1
ProjectManager.KeepUserCode=true
Mcu.UserName=STM32F103ZETx
RCC.PLLCLKFreq_Value=72000000
SH.FSMC_NWE.0=FSMC_NWE,Lcd1
PG0.Signal=FSMC_A10
ProjectManager.functionlistsort=1-MX_GPIO_Init-GPIO-false-HAL-true,2-SystemClock_Config-RCC-false-HAL-false,3-MX_FSMC_Init-FSMC-false-HAL-true
SH.FSMC_D0_DA0.0=FSMC_D0,16b-d1
NVIC.EXTI3_IRQn=true\:0\:0\:false\:false\:true\:true\:true
RCC.ADCFreqValue=36000000
FSMC.ExtendedBusTurnAroundDuration1=0
PinOutPanel.RotationAngle=0
PE5.GPIOParameters=PinState,GPIO_Label,GPIO_ModeDefaultOutputPP
RCC.SYSCLKSource=RCC_SYSCLKSOURCE_PLLCLK
ProjectManager.StackSize=0x1000
PB5.GPIOParameters=PinState,GPIO_Label,GPIO_ModeDefaultOutputPP
SH.GPXTI2.0=GPIO_EXTI2
RCC.FCLKCortexFreq_Value=72000000
NVIC.SVCall_IRQn=true\:0\:0\:false\:false\:true\:false\:false
Mcu.IP2=RCC
RCC.SDIOHCLKDiv2FreqValue=36000000
Mcu.IP3=SYS
Mcu.IP0=FSMC
Mcu.IP1=NVIC
PE4.GPIOParameters=GPIO_PuPd,GPIO_Label,GPIO_ModeDefaultEXTI
SH.GPXTI3.ConfNb=1
Mcu.UserConstants=
PB0.PinState=GPIO_PIN_SET
Mcu.ThirdPartyNb=0
RCC.SDIOFreq_Value=72000000
RCC.HCLKFreq_Value=72000000
Mcu.IPNb=4
ProjectManager.PreviousToolchain=
PD4.Signal=FSMC_NOE
RCC.APB2TimFreq_Value=72000000
PB5.PinState=GPIO_PIN_RESET
Mcu.Pin6=PA0-WKUP
PD0.Signal=FSMC_D2_DA2
Mcu.Pin7=PB0
PD8.Signal=FSMC_D13_DA13
PE5.Signal=GPIO_Output
Mcu.Pin8=PG0
OSC_OUT.Mode=HSE-External-Oscillator
Mcu.Pin9=PE7
SH.FSMC_A10.0=FSMC_A10,A10_1
OSC_OUT.Signal=RCC_OSC_OUT
RCC.AHBFreq_Value=72000000
Mcu.Pin0=PE2
Mcu.Pin1=PE3
GPIO.groupedBy=Group By Peripherals
Mcu.Pin2=PE4
Mcu.Pin3=PE5
SH.FSMC_D4_DA4.ConfNb=1
SH.FSMC_D12_DA12.ConfNb=1
Mcu.Pin4=OSC_IN
PA0-WKUP.GPIOParameters=GPIO_PuPd,GPIO_ModeDefaultEXTI
Mcu.Pin5=OSC_OUT
ProjectManager.ProjectBuild=false
NVIC.UsageFault_IRQn=true\:0\:0\:false\:false\:true\:false\:false
NVIC.DebugMonitor_IRQn=true\:0\:0\:false\:false\:true\:false\:false
PB3.Mode=JTAG_5_pins
PA15.Mode=JTAG_5_pins
NVIC.SysTick_IRQn=true\:0\:0\:false\:false\:true\:false\:true
SH.FSMC_D6_DA6.ConfNb=1
RCC.PLLMUL=RCC_PLL_MUL9
ProjectManager.FirmwarePackage=STM32Cube FW_F1 V1.8.3
MxDb.Version=DB.6.0.0
PB0.GPIOParameters=PinState
SH.FSMC_NOE.ConfNb=1
PB4.Mode=JTAG_5_pins
PE13.Signal=FSMC_D10_DA10
ProjectManager.BackupPrevious=false
SH.FSMC_D14_DA14.0=FSMC_D14,16b-d1
SH.FSMC_D10_DA10.0=FSMC_D10,16b-d1
PE9.Signal=FSMC_D6_DA6
PA14.Mode=JTAG_5_pins
SH.FSMC_D6_DA6.0=FSMC_D6,16b-d1
File.Version=6
PE4.GPIO_Label=KEY0
PE5.PinState=GPIO_PIN_RESET
PE3.GPIOParameters=GPIO_PuPd,GPIO_Label,GPIO_ModeDefaultEXTI
SH.FSMC_D9_DA9.ConfNb=1
PE2.Signal=GPXTI2
PE3.Locked=true
PB8.Locked=true
FSMC.BusTurnAroundDuration1=0
NVIC.PendSV_IRQn=true\:0\:0\:false\:false\:true\:false\:false
PE10.Signal=FSMC_D7_DA7
PE4.Signal=GPXTI4
SH.FSMC_D5_DA5.0=FSMC_D5,16b-d1
ProjectManager.HalAssertFull=false
PB0.Locked=true
ProjectManager.ProjectName=Games
SH.FSMC_D4_DA4.0=FSMC_D4,16b-d1
RCC.PLLMCOFreq_Value=36000000
Mcu.Package=LQFP144
SH.FSMC_D15_DA15.ConfNb=1
RCC.I2S2Freq_Value=72000000
FSMC.IPParameters=ExtendedMode1,BusTurnAroundDuration1,AddressSetupTime1,DataSetupTime1,ExtendedDataSetupTime1,ExtendedBusTurnAroundDuration1,ExtendedAddressSetupTime1
ProjectManager.ToolChainLocation=
SH.GPXTI0.0=GPIO_EXTI0
SH.FSMC_D13_DA13.0=FSMC_D13,16b-d1
SH.FSMC_D14_DA14.ConfNb=1
VP_SYS_VS_Systick.Signal=SYS_VS_Systick
PA15.Signal=SYS_JTDI
PB5.GPIO_Label=LED1
NVIC.EXTI2_IRQn=true\:0\:0\:false\:false\:true\:true\:true
SH.FSMC_D3_DA3.0=FSMC_D3,16b-d1
RCC.APB1TimFreq_Value=72000000
NVIC.BusFault_IRQn=true\:0\:0\:false\:false\:true\:false\:false
SH.FSMC_D2_DA2.0=FSMC_D2,16b-d1
SH.FSMC_NWE.ConfNb=1
PE7.Signal=FSMC_D4_DA4
SH.FSMC_D7_DA7.ConfNb=1
PE2.GPIO_Label=KEY2
PD15.Signal=FSMC_D1_DA1
ProjectManager.CustomerFirmwarePackage=
PB4.Signal=SYS_NJTRST
PG12.Signal=FSMC_NE4
PE3.GPIO_ModeDefaultEXTI=GPIO_MODE_IT_FALLING
RCC.PLLSourceVirtual=RCC_PLLSOURCE_HSE
PB5.GPIO_ModeDefaultOutputPP=GPIO_MODE_OUTPUT_OD
FSMC.ExtendedAddressSetupTime1=0
NVIC.EXTI4_IRQn=true\:0\:0\:false\:false\:true\:true\:true
ProjectManager.ProjectFileName=Games.ioc
SH.FSMC_D12_DA12.0=FSMC_D12,16b-d1
PB8.GPIOParameters=GPIO_Label
Mcu.PinsNb=36
ProjectManager.NoMain=false
FSMC.ExtendedMode1=FSMC_EXTENDED_MODE_ENABLE
PE4.GPIO_ModeDefaultEXTI=GPIO_MODE_IT_FALLING
SH.GPXTI0.ConfNb=1
SH.FSMC_D8_DA8.ConfNb=1
PD1.Signal=FSMC_D3_DA3
ProjectManager.DefaultFWLocation=true
SH.FSMC_D9_DA9.0=FSMC_D9,16b-d1
PD9.Signal=FSMC_D14_DA14
PD5.Signal=FSMC_NWE
SH.FSMC_D11_DA11.ConfNb=1
ProjectManager.DeletePrevious=true
RCC.APB1CLKDivider=RCC_HCLK_DIV2
PA0-WKUP.GPIO_ModeDefaultEXTI=GPIO_MODE_IT_RISING
RCC.FamilyName=M
RCC.I2S3Freq_Value=72000000
PA0-WKUP.Signal=GPXTI0
PA0-WKUP.Locked=true
SH.FSMC_D8_DA8.0=FSMC_D8,16b-d1
PD10.Signal=FSMC_D15_DA15
PA13.Signal=SYS_JTMS-SWDIO
SH.FSMC_D13_DA13.ConfNb=1
PB8.GPIO_Label=BEEP
SH.GPXTI2.ConfNb=1
ProjectManager.TargetToolchain=MDK-ARM V5
FSMC.DataSetupTime1=5
SH.FSMC_D5_DA5.ConfNb=1
SH.FSMC_A10.ConfNb=1
PE4.Locked=true
PB5.Locked=true
PE2.GPIOParameters=GPIO_PuPd,GPIO_Label,GPIO_ModeDefaultEXTI
ProjectManager.RegisterCallBack=
OSC_IN.Signal=RCC_OSC_IN
RCC.USBFreq_Value=72000000
PE11.Signal=FSMC_D8_DA8
PE2.GPIO_PuPd=GPIO_PULLUP
SH.FSMC_D7_DA7.0=FSMC_D7,16b-d1
FSMC.ExtendedDataSetupTime1=3
board=custom
PG12.Mode=NorPsramChipSelect4_1
SH.FSMC_D0_DA0.ConfNb=1
SH.GPXTI3.0=GPIO_EXTI3
ProjectManager.LastFirmware=true
SH.FSMC_D3_DA3.ConfNb=1
RCC.VCOOutput2Freq_Value=8000000
RCC.APB2Freq_Value=72000000
PE14.Signal=FSMC_D11_DA11
PE15.Signal=FSMC_D12_DA12
MxCube.Version=6.0.1
Mcu.Pin35=VP_SYS_VS_Systick
PE8.Signal=FSMC_D5_DA5
Mcu.Pin30=PG12
VP_SYS_VS_Systick.Mode=SysTick
Mcu.Pin33=PB5
PE3.GPIO_PuPd=GPIO_PULLUP
Mcu.Pin34=PB8
Mcu.Pin31=PB3
Mcu.Pin32=PB4
NVIC.NonMaskableInt_IRQn=true\:0\:0\:false\:false\:true\:false\:false
PE5.Locked=true
PA13.Mode=JTAG_5_pins
ProjectManager.FreePins=false
RCC.IPParameters=ADCFreqValue,AHBFreq_Value,APB1CLKDivider,APB1Freq_Value,APB1TimFreq_Value,APB2Freq_Value,APB2TimFreq_Value,FCLKCortexFreq_Value,FSMCFreq_Value,FamilyName,HCLKFreq_Value,I2S2Freq_Value,I2S3Freq_Value,MCOFreq_Value,PLLCLKFreq_Value,PLLMCOFreq_Value,PLLMUL,PLLSourceVirtual,SDIOFreq_Value,SDIOHCLKDiv2FreqValue,SYSCLKFreq_VALUE,SYSCLKSource,TimSysFreq_Value,USBFreq_Value,VCOOutput2Freq_Value
ProjectManager.AskForMigrate=true
Mcu.Name=STM32F103Z(C-D-E)Tx
PE12.Signal=FSMC_D9_DA9
Mcu.Pin26=PD0
Mcu.Pin27=PD1
Mcu.Pin24=PA14
ProjectManager.UnderRoot=false
PE4.GPIO_PuPd=GPIO_PULLUP
Mcu.Pin25=PA15
PD14.Signal=FSMC_D0_DA0
Mcu.Pin28=PD4
Mcu.Pin29=PD5
RCC.FSMCFreq_Value=72000000
ProjectManager.CoupleFile=true
PB3.Signal=SYS_JTDO-TRACESWO
NVIC.EXTI0_IRQn=true\:0\:0\:false\:false\:true\:true\:true
RCC.SYSCLKFreq_VALUE=72000000
Mcu.Pin22=PD15
PB5.Signal=GPIO_Output
Mcu.Pin23=PA13
RCC.TimSysFreq_Value=72000000
Mcu.Pin20=PD10
Mcu.Pin21=PD14
SH.GPXTI4.0=GPIO_EXTI4
NVIC.ForceEnableDMAVector=true
KeepUserPlacement=false
OSC_IN.Mode=HSE-External-Oscillator
NVIC.MemoryManagement_IRQn=true\:0\:0\:false\:false\:true\:false\:false
PE5.GPIO_Label=LED0
ProjectManager.CompilerOptimize=6
SH.FSMC_D15_DA15.0=FSMC_D15,16b-d1
PA14.Signal=SYS_JTCK-SWCLK
ProjectManager.HeapSize=0x200
Mcu.Pin15=PE13
NVIC.HardFault_IRQn=true\:0\:0\:false\:false\:true\:false\:false
PE5.GPIO_ModeDefaultOutputPP=GPIO_MODE_OUTPUT_OD
Mcu.Pin16=PE14
SH.GPXTI4.ConfNb=1
Mcu.Pin13=PE11
SH.FSMC_D11_DA11.0=FSMC_D11,16b-d1
Mcu.Pin14=PE12
Mcu.Pin19=PD9
SH.FSMC_NOE.0=FSMC_NOE,Lcd1
ProjectManager.ComputerToolchain=false
Mcu.Pin17=PE15
SH.FSMC_D2_DA2.ConfNb=1
Mcu.Pin18=PD8
SH.FSMC_D1_DA1.ConfNb=1
NVIC.PriorityGroup=NVIC_PRIORITYGROUP_4
Mcu.Pin11=PE9
Mcu.Pin12=PE10
Mcu.Pin10=PE8
PE2.Locked=true
PE3.Signal=GPXTI3
PB8.Signal=GPIO_Output
PA0-WKUP.GPIO_PuPd=GPIO_PULLDOWN
PE3.GPIO_Label=KEY1
PE2.GPIO_ModeDefaultEXTI=GPIO_MODE_IT_FALLING
RCC.APB1Freq_Value=36000000
PB0.Signal=GPIO_Output
ProjectManager.DeviceId=STM32F103ZETx
ProjectManager.LibraryCopy=1
SH.FSMC_D10_DA10.ConfNb=1
